
Microsoft Visual Studio Solution File, Format Version 12.00
# Visual Studio Version 17
VisualStudioVersion = 17.7.34009.444
MinimumVisualStudioVersion = 10.0.40219.1
Project("{9A19103F-16F7-4668-BE54-9A1E7A4F7556}") = "RegUser", "RegUser.csproj", "{09E748FF-BCE7-4FB7-9384-5E6759497DF8}"
EndProject
Global
	GlobalSection(SolutionConfigurationPlatforms) = preSolution
		Debug|Any CPU = Debug|Any CPU
		Release|Any CPU = Release|Any CPU
	EndGlobalSection
	GlobalSection(ProjectConfigurationPlatforms) = postSolution
		{09E748FF-BCE7-4FB7-9384-5E6759497DF8}.Debug|Any CPU.ActiveCfg = Debug|Any CPU
		{09E748FF-BCE7-4FB7-9384-5E6759497DF8}.Debug|Any CPU.Build.0 = Debug|Any CPU
		{09E748FF-BCE7-4FB7-9384-5E6759497DF8}.Release|Any CPU.ActiveCfg = Release|Any CPU
		{09E748FF-BCE7-4FB7-9384-5E6759497DF8}.Release|Any CPU.Build.0 = Release|Any CPU
	EndGlobalSection
	GlobalSection(SolutionProperties) = preSolution
		HideSolutionNode = FALSE
	EndGlobalSection
	GlobalSection(ExtensibilityGlobals) = postSolution
		SolutionGuid = {EC87FF3E-9E05-4BC7-BD00-8247ACB74519}
	EndGlobalSection
EndGlobal
